
Microsoft Visual Studio Solution File, Format Version 12.00
# Visual Studio 2013
VisualStudioVersion = 12.0.40629.0
MinimumVisualStudioVersion = 10.0.40219.1
Project("{FAE04EC0-301F-11D3-BF4B-00C04F79EFBC}") = "Core", "Core\Core.csproj", "{886F4D6D-EFBC-4F8E-A69C-E36B80933FE6}"
EndProject
Project("{FAE04EC0-301F-11D3-BF4B-00C04F79EFBC}") = "WindowsFormsApplication1", "WindowsFormsApplication1\WindowsFormsApplication1.csproj", "{7BE564E7-9265-4E83-8788-15D69C02E604}"
EndProject
Global
	GlobalSection(SolutionConfigurationPlatforms) = preSolution
		Debug|Any CPU = Debug|Any CPU
		Release|Any CPU = Release|Any CPU
	EndGlobalSection
	GlobalSection(ProjectConfigurationPlatforms) = postSolution
		{886F4D6D-EFBC-4F8E-A69C-E36B80933FE6}.Debug|Any CPU.ActiveCfg = Release|Any CPU
		{886F4D6D-EFBC-4F8E-A69C-E36B80933FE6}.Debug|Any CPU.Build.0 = Release|Any CPU
		{886F4D6D-EFBC-4F8E-A69C-E36B80933FE6}.Debug|Any CPU.Deploy.0 = Release|Any CPU
		{886F4D6D-EFBC-4F8E-A69C-E36B80933FE6}.Release|Any CPU.ActiveCfg = Release|Any CPU
		{886F4D6D-EFBC-4F8E-A69C-E36B80933FE6}.Release|Any CPU.Build.0 = Release|Any CPU
		{7BE564E7-9265-4E83-8788-15D69C02E604}.Debug|Any CPU.ActiveCfg = Debug|Any CPU
		{7BE564E7-9265-4E83-8788-15D69C02E604}.Debug|Any CPU.Build.0 = Debug|Any CPU
		{7BE564E7-9265-4E83-8788-15D69C02E604}.Release|Any CPU.ActiveCfg = Release|Any CPU
		{7BE564E7-9265-4E83-8788-15D69C02E604}.Release|Any CPU.Build.0 = Release|Any CPU
	EndGlobalSection
	GlobalSection(SolutionProperties) = preSolution
		HideSolutionNode = FALSE
	EndGlobalSection
EndGlobal
